# THIS IS AN AUTOGENERATED FILE. DO NOT EDIT THIS FILE DIRECTLY.
# yarn lockfile v1


"@hegel/typings@^0.0.45":
  version "0.0.45"
  resolved "https://registry.yarnpkg.com/@hegel/typings/-/typings-0.0.45.tgz#5f0197e1d9b6e630b8fc2eff5b99f8ac86278ae3"
  integrity sha512-kOla7OniaTOZIX/vqKkBjOlAu0rFQR7Lt3CdgbBQaV+Yi+TiPgau4cXLnVp+zOww9TceVxtcF6WusLj4OX+lkg==
